
Microsoft Visual Studio Solution File, Format Version 12.00
# Visual Studio Version 17
VisualStudioVersion = 17.3.32922.545
MinimumVisualStudioVersion = 10.0.40219.1
Project("{FAE04EC0-301F-11D3-BF4B-00C04F79EFBC}") = "WEBCRUD.WEB", "WEBCRUD.WEB\WEBCRUD.WEB.csproj", "{00C598D5-368A-455A-9593-090E57FE3F43}"
EndProject
Global
	GlobalSection(SolutionConfigurationPlatforms) = preSolution
		Debug|Any CPU = Debug|Any CPU
		Release|Any CPU = Release|Any CPU
	EndGlobalSection
	GlobalSection(ProjectConfigurationPlatforms) = postSolution
		{00C598D5-368A-455A-9593-090E57FE3F43}.Debug|Any CPU.ActiveCfg = Debug|Any CPU
		{00C598D5-368A-455A-9593-090E57FE3F43}.Debug|Any CPU.Build.0 = Debug|Any CPU
		{00C598D5-368A-455A-9593-090E57FE3F43}.Release|Any CPU.ActiveCfg = Release|Any CPU
		{00C598D5-368A-455A-9593-090E57FE3F43}.Release|Any CPU.Build.0 = Release|Any CPU
	EndGlobalSection
	GlobalSection(SolutionProperties) = preSolution
		HideSolutionNode = FALSE
	EndGlobalSection
	GlobalSection(ExtensibilityGlobals) = postSolution
		SolutionGuid = {1EA595F8-D674-413D-B4C4-E0CD087F4619}
	EndGlobalSection
EndGlobal
